// !$*UTF8*$!
{
	archiveVersion = 1;
	classes = {
	};
	objectVersion = 56;
	objects = {

/* Begin PBXBuildFile section */
		DF44EBC12BD8A88C008FB6A6 /* CoreDataProjectApp.swift in Sources */ = {isa = PBXBuildFile; fileRef = DF44EBC02BD8A88C008FB6A6 /* CoreDataProjectApp.swift */; };
		DF44EBC32BD8A88C008FB6A6 /* ContentView.swift in Sources */ = {isa = PBXBuildFile; fileRef = DF44EBC22BD8A88C008FB6A6 /* ContentView.swift */; };
		DF44EBC52BD8A88F008FB6A6 /* Assets.xcassets in Resources */ = {isa = PBXBuildFile; fileRef = DF44EBC42BD8A88F008FB6A6 /* Assets.xcassets */; };
		DF44EBC82BD8A88F008FB6A6 /* Preview Assets.xcassets in Resources */ = {isa = PBXBuildFile; fileRef = DF44EBC72BD8A88F008FB6A6 /* Preview Assets.xcassets */; };
		DF44EBCF2BD8A947008FB6A6 /* DataController.swift in Sources */ = {isa = PBXBuildFile; fileRef = DF44EBCE2BD8A947008FB6A6 /* DataController.swift */; };
		DF44EBD22BD8AB11008FB6A6 /* CoreDataProject.xcdatamodeld in Sources */ = {isa = PBXBuildFile; fileRef = DF44EBD02BD8AB11008FB6A6 /* CoreDataProject.xcdatamodeld */; };
		DF44EBD52BD8BD70008FB6A6 /* Movie+CoreDataClass.swift in Sources */ = {isa = PBXBuildFile; fileRef = DF44EBD32BD8BD70008FB6A6 /* Movie+CoreDataClass.swift */; };
		DF44EBD62BD8BD70008FB6A6 /* Movie+CoreDataProperties.swift in Sources */ = {isa = PBXBuildFile; fileRef = DF44EBD42BD8BD70008FB6A6 /* Movie+CoreDataProperties.swift */; };
		DF44EBD92BD9F3A1008FB6A6 /* CoreDataDemoOneView.swift in Sources */ = {isa = PBXBuildFile; fileRef = DF44EBD82BD9F3A1008FB6A6 /* CoreDataDemoOneView.swift */; };
		DF44EBDE2BD9FB8E008FB6A6 /* Singer+CoreDataClass.swift in Sources */ = {isa = PBXBuildFile; fileRef = DF44EBDC2BD9FB8E008FB6A6 /* Singer+CoreDataClass.swift */; };
		DF44EBDF2BD9FB8E008FB6A6 /* Singer+CoreDataProperties.swift in Sources */ = {isa = PBXBuildFile; fileRef = DF44EBDD2BD9FB8E008FB6A6 /* Singer+CoreDataProperties.swift */; };
		DF44EBE12BD9FBEB008FB6A6 /* CoreDataDemoTwoView.swift in Sources */ = {isa = PBXBuildFile; fileRef = DF44EBE02BD9FBEB008FB6A6 /* CoreDataDemoTwoView.swift */; };
		DF44EBE32BD9FE46008FB6A6 /* FilteredListView.swift in Sources */ = {isa = PBXBuildFile; fileRef = DF44EBE22BD9FE46008FB6A6 /* FilteredListView.swift */; };
		DF44EBE82BDA33E3008FB6A6 /* Candy+CoreDataClass.swift in Sources */ = {isa = PBXBuildFile; fileRef = DF44EBE42BDA33E3008FB6A6 /* Candy+CoreDataClass.swift */; };
		DF44EBE92BDA33E3008FB6A6 /* Candy+CoreDataProperties.swift in Sources */ = {isa = PBXBuildFile; fileRef = DF44EBE52BDA33E3008FB6A6 /* Candy+CoreDataProperties.swift */; };
		DF44EBEA2BDA33E3008FB6A6 /* Country+CoreDataClass.swift in Sources */ = {isa = PBXBuildFile; fileRef = DF44EBE62BDA33E3008FB6A6 /* Country+CoreDataClass.swift */; };
		DF44EBEB2BDA33E3008FB6A6 /* Country+CoreDataProperties.swift in Sources */ = {isa = PBXBuildFile; fileRef = DF44EBE72BDA33E3008FB6A6 /* Country+CoreDataProperties.swift */; };
		DF44EBED2BDA3B02008FB6A6 /* CoreDataDemoThreeView.swift in Sources */ = {isa = PBXBuildFile; fileRef = DF44EBEC2BDA3B02008FB6A6 /* CoreDataDemoThreeView.swift */; };
		DF44EBEF2BDA3EBE008FB6A6 /* HomeView.swift in Sources */ = {isa = PBXBuildFile; fileRef = DF44EBEE2BDA3EBE008FB6A6 /* HomeView.swift */; };
/* End PBXBuildFile section */

/* Begin PBXFileReference section */
		DF44EBBD2BD8A88C008FB6A6 /* CoreDataProject.app */ = {isa = PBXFileReference; explicitFileType = wrapper.application; includeInIndex = 0; path = CoreDataProject.app; sourceTree = BUILT_PRODUCTS_DIR; };
		DF44EBC02BD8A88C008FB6A6 /* CoreDataProjectApp.swift */ = {isa = PBXFileReference; lastKnownFileType = sourcecode.swift; path = CoreDataProjectApp.swift; sourceTree = "<group>"; };
		DF44EBC22BD8A88C008FB6A6 /* ContentView.swift */ = {isa = PBXFileReference; lastKnownFileType = sourcecode.swift; path = ContentView.swift; sourceTree = "<group>"; };
		DF44EBC42BD8A88F008FB6A6 /* Assets.xcassets */ = {isa = PBXFileReference; lastKnownFileType = folder.assetcatalog; path = Assets.xcassets; sourceTree = "<group>"; };
		DF44EBC72BD8A88F008FB6A6 /* Preview Assets.xcassets */ = {isa = PBXFileReference; lastKnownFileType = folder.assetcatalog; path = "Preview Assets.xcassets"; sourceTree = "<group>"; };
		DF44EBCE2BD8A947008FB6A6 /* DataController.swift */ = {isa = PBXFileReference; lastKnownFileType = sourcecode.swift; path = DataController.swift; sourceTree = "<group>"; };
		DF44EBD12BD8AB11008FB6A6 /* CoreDataProject.xcdatamodel */ = {isa = PBXFileReference; lastKnownFileType = wrapper.xcdatamodel; path = CoreDataProject.xcdatamodel; sourceTree = "<group>"; };
		DF44EBD32BD8BD70008FB6A6 /* Movie+CoreDataClass.swift */ = {isa = PBXFileReference; lastKnownFileType = sourcecode.swift; path = "Movie+CoreDataClass.swift"; sourceTree = "<group>"; };
		DF44EBD42BD8BD70008FB6A6 /* Movie+CoreDataProperties.swift */ = {isa = PBXFileReference; lastKnownFileType = sourcecode.swift; path = "Movie+CoreDataProperties.swift"; sourceTree = "<group>"; };
		DF44EBD82BD9F3A1008FB6A6 /* CoreDataDemoOneView.swift */ = {isa = PBXFileReference; lastKnownFileType = sourcecode.swift; path = CoreDataDemoOneView.swift; sourceTree = "<group>"; };
		DF44EBDC2BD9FB8E008FB6A6 /* Singer+CoreDataClass.swift */ = {isa = PBXFileReference; lastKnownFileType = sourcecode.swift; path = "Singer+CoreDataClass.swift"; sourceTree = "<group>"; };
		DF44EBDD2BD9FB8E008FB6A6 /* Singer+CoreDataProperties.swift */ = {isa = PBXFileReference; lastKnownFileType = sourcecode.swift; path = "Singer+CoreDataProperties.swift"; sourceTree = "<group>"; };
		DF44EBE02BD9FBEB008FB6A6 /* CoreDataDemoTwoView.swift */ = {isa = PBXFileReference; lastKnownFileType = sourcecode.swift; path = CoreDataDemoTwoView.swift; sourceTree = "<group>"; };
		DF44EBE22BD9FE46008FB6A6 /* FilteredListView.swift */ = {isa = PBXFileReference; lastKnownFileType = sourcecode.swift; path = FilteredListView.swift; sourceTree = "<group>"; };
		DF44EBE42BDA33E3008FB6A6 /* Candy+CoreDataClass.swift */ = {isa = PBXFileReference; lastKnownFileType = sourcecode.swift; path = "Candy+CoreDataClass.swift"; sourceTree = "<group>"; };
		DF44EBE52BDA33E3008FB6A6 /* Candy+CoreDataProperties.swift */ = {isa = PBXFileReference; lastKnownFileType = sourcecode.swift; path = "Candy+CoreDataProperties.swift"; sourceTree = "<group>"; };
		DF44EBE62BDA33E3008FB6A6 /* Country+CoreDataClass.swift */ = {isa = PBXFileReference; lastKnownFileType = sourcecode.swift; path = "Country+CoreDataClass.swift"; sourceTree = "<group>"; };
		DF44EBE72BDA33E3008FB6A6 /* Country+CoreDataProperties.swift */ = {isa = PBXFileReference; lastKnownFileType = sourcecode.swift; path = "Country+CoreDataProperties.swift"; sourceTree = "<group>"; };
		DF44EBEC2BDA3B02008FB6A6 /* CoreDataDemoThreeView.swift */ = {isa = PBXFileReference; lastKnownFileType = sourcecode.swift; path = CoreDataDemoThreeView.swift; sourceTree = "<group>"; };
		DF44EBEE2BDA3EBE008FB6A6 /* HomeView.swift */ = {isa = PBXFileReference; lastKnownFileType = sourcecode.swift; path = HomeView.swift; sourceTree = "<group>"; };
/* End PBXFileReference section */

/* Begin PBXFrameworksBuildPhase section */
		DF44EBBA2BD8A88C008FB6A6 /* Frameworks */ = {
			isa = PBXFrameworksBuildPhase;
			buildActionMask = 2147483647;
			files = (
			);
			runOnlyForDeploymentPostprocessing = 0;
		};
/* End PBXFrameworksBuildPhase section */

/* Begin PBXGroup section */
		DF44EBB42BD8A88C008FB6A6 = {
			isa = PBXGroup;
			children = (
				DF44EBBF2BD8A88C008FB6A6 /* CoreDataProject */,
				DF44EBBE2BD8A88C008FB6A6 /* Products */,
			);
			sourceTree = "<group>";
		};
		DF44EBBE2BD8A88C008FB6A6 /* Products */ = {
			isa = PBXGroup;
			children = (
				DF44EBBD2BD8A88C008FB6A6 /* CoreDataProject.app */,
			);
			name = Products;
			sourceTree = "<group>";
		};
		DF44EBBF2BD8A88C008FB6A6 /* CoreDataProject */ = {
			isa = PBXGroup;
			children = (
				DF44EBC02BD8A88C008FB6A6 /* CoreDataProjectApp.swift */,
				DF44EBEE2BDA3EBE008FB6A6 /* HomeView.swift */,
				DF44EBDB2BD9F3CC008FB6A6 /* View */,
				DF44EBDA2BD9F3C2008FB6A6 /* ViewModel */,
				DF44EBD72BD8BD8B008FB6A6 /* Model */,
				DF44EBC42BD8A88F008FB6A6 /* Assets.xcassets */,
				DF44EBD02BD8AB11008FB6A6 /* CoreDataProject.xcdatamodeld */,
				DF44EBC62BD8A88F008FB6A6 /* Preview Content */,
			);
			path = CoreDataProject;
			sourceTree = "<group>";
		};
		DF44EBC62BD8A88F008FB6A6 /* Preview Content */ = {
			isa = PBXGroup;
			children = (
				DF44EBC72BD8A88F008FB6A6 /* Preview Assets.xcassets */,
			);
			path = "Preview Content";
			sourceTree = "<group>";
		};
		DF44EBD72BD8BD8B008FB6A6 /* Model */ = {
			isa = PBXGroup;
			children = (
				DF44EBE42BDA33E3008FB6A6 /* Candy+CoreDataClass.swift */,
				DF44EBE52BDA33E3008FB6A6 /* Candy+CoreDataProperties.swift */,
				DF44EBE62BDA33E3008FB6A6 /* Country+CoreDataClass.swift */,
				DF44EBE72BDA33E3008FB6A6 /* Country+CoreDataProperties.swift */,
				DF44EBDC2BD9FB8E008FB6A6 /* Singer+CoreDataClass.swift */,
				DF44EBDD2BD9FB8E008FB6A6 /* Singer+CoreDataProperties.swift */,
				DF44EBD32BD8BD70008FB6A6 /* Movie+CoreDataClass.swift */,
				DF44EBD42BD8BD70008FB6A6 /* Movie+CoreDataProperties.swift */,
			);
			path = Model;
			sourceTree = "<group>";
		};
		DF44EBDA2BD9F3C2008FB6A6 /* ViewModel */ = {
			isa = PBXGroup;
			children = (
				DF44EBCE2BD8A947008FB6A6 /* DataController.swift */,
			);
			path = ViewModel;
			sourceTree = "<group>";
		};
		DF44EBDB2BD9F3CC008FB6A6 /* View */ = {
			isa = PBXGroup;
			children = (
				DF44EBC22BD8A88C008FB6A6 /* ContentView.swift */,
				DF44EBD82BD9F3A1008FB6A6 /* CoreDataDemoOneView.swift */,
				DF44EBE02BD9FBEB008FB6A6 /* CoreDataDemoTwoView.swift */,
				DF44EBEC2BDA3B02008FB6A6 /* CoreDataDemoThreeView.swift */,
				DF44EBE22BD9FE46008FB6A6 /* FilteredListView.swift */,
			);
			path = View;
			sourceTree = "<group>";
		};
/* End PBXGroup section */

/* Begin PBXNativeTarget section */
		DF44EBBC2BD8A88C008FB6A6 /* CoreDataProject */ = {
			isa = PBXNativeTarget;
			buildConfigurationList = DF44EBCB2BD8A88F008FB6A6 /* Build configuration list for PBXNativeTarget "CoreDataProject" */;
			buildPhases = (
				DF44EBB92BD8A88C008FB6A6 /* Sources */,
				DF44EBBA2BD8A88C008FB6A6 /* Frameworks */,
				DF44EBBB2BD8A88C008FB6A6 /* Resources */,
			);
			buildRules = (
			);
			dependencies = (
			);
			name = CoreDataProject;
			productName = CoreDataProject;
			productReference = DF44EBBD2BD8A88C008FB6A6 /* CoreDataProject.app */;
			productType = "com.apple.product-type.application";
		};
/* End PBXNativeTarget section */

/* Begin PBXProject section */
		DF44EBB52BD8A88C008FB6A6 /* Project object */ = {
			isa = PBXProject;
			attributes = {
				BuildIndependentTargetsInParallel = 1;
				LastSwiftUpdateCheck = 1520;
				LastUpgradeCheck = 1520;
				TargetAttributes = {
					DF44EBBC2BD8A88C008FB6A6 = {
						CreatedOnToolsVersion = 15.2;
					};
				};
			};
			buildConfigurationList = DF44EBB82BD8A88C008FB6A6 /* Build configuration list for PBXProject "CoreDataProject" */;
			compatibilityVersion = "Xcode 14.0";
			developmentRegion = en;
			hasScannedForEncodings = 0;
			knownRegions = (
				en,
				Base,
			);
			mainGroup = DF44EBB42BD8A88C008FB6A6;
			productRefGroup = DF44EBBE2BD8A88C008FB6A6 /* Products */;
			projectDirPath = "";
			projectRoot = "";
			targets = (
				DF44EBBC2BD8A88C008FB6A6 /* CoreDataProject */,
			);
		};
/* End PBXProject section */

/* Begin PBXResourcesBuildPhase section */
		DF44EBBB2BD8A88C008FB6A6 /* Resources */ = {
			isa = PBXResourcesBuildPhase;
			buildActionMask = 2147483647;
			files = (
				DF44EBC82BD8A88F008FB6A6 /* Preview Assets.xcassets in Resources */,
				DF44EBC52BD8A88F008FB6A6 /* Assets.xcassets in Resources */,
			);
			runOnlyForDeploymentPostprocessing = 0;
		};
/* End PBXResourcesBuildPhase section */

/* Begin PBXSourcesBuildPhase section */
		DF44EBB92BD8A88C008FB6A6 /* Sources */ = {
			isa = PBXSourcesBuildPhase;
			buildActionMask = 2147483647;
			files = (
				DF44EBC32BD8A88C008FB6A6 /* ContentView.swift in Sources */,
				DF44EBED2BDA3B02008FB6A6 /* CoreDataDemoThreeView.swift in Sources */,
				DF44EBDF2BD9FB8E008FB6A6 /* Singer+CoreDataProperties.swift in Sources */,
				DF44EBDE2BD9FB8E008FB6A6 /* Singer+CoreDataClass.swift in Sources */,
				DF44EBE32BD9FE46008FB6A6 /* FilteredListView.swift in Sources */,
				DF44EBEF2BDA3EBE008FB6A6 /* HomeView.swift in Sources */,
				DF44EBEA2BDA33E3008FB6A6 /* Country+CoreDataClass.swift in Sources */,
				DF44EBEB2BDA33E3008FB6A6 /* Country+CoreDataProperties.swift in Sources */,
				DF44EBD92BD9F3A1008FB6A6 /* CoreDataDemoOneView.swift in Sources */,
				DF44EBE92BDA33E3008FB6A6 /* Candy+CoreDataProperties.swift in Sources */,
				DF44EBCF2BD8A947008FB6A6 /* DataController.swift in Sources */,
				DF44EBD22BD8AB11008FB6A6 /* CoreDataProject.xcdatamodeld in Sources */,
				DF44EBD52BD8BD70008FB6A6 /* Movie+CoreDataClass.swift in Sources */,
				DF44EBE12BD9FBEB008FB6A6 /* CoreDataDemoTwoView.swift in Sources */,
				DF44EBD62BD8BD70008FB6A6 /* Movie+CoreDataProperties.swift in Sources */,
				DF44EBC12BD8A88C008FB6A6 /* CoreDataProjectApp.swift in Sources */,
				DF44EBE82BDA33E3008FB6A6 /* Candy+CoreDataClass.swift in Sources */,
			);
			runOnlyForDeploymentPostprocessing = 0;
		};
/* End PBXSourcesBuildPhase section */

/* Begin XCBuildConfiguration section */
		DF44EBC92BD8A88F008FB6A6 /* Debug */ = {
			isa = XCBuildConfiguration;
			buildSettings = {
				ALWAYS_SEARCH_USER_PATHS = NO;
				ASSETCATALOG_COMPILER_GENERATE_SWIFT_ASSET_SYMBOL_EXTENSIONS = YES;
				CLANG_ANALYZER_NONNULL = YES;
				CLANG_ANALYZER_NUMBER_OBJECT_CONVERSION = YES_AGGRESSIVE;
				CLANG_CXX_LANGUAGE_STANDARD = "gnu++20";
				CLANG_ENABLE_MODULES = YES;
				CLANG_ENABLE_OBJC_ARC = YES;
				CLANG_ENABLE_OBJC_WEAK = YES;
				CLANG_WARN_BLOCK_CAPTURE_AUTORELEASING = YES;
				CLANG_WARN_BOOL_CONVERSION = YES;
				CLANG_WARN_COMMA = YES;
				CLANG_WARN_CONSTANT_CONVERSION = YES;
				CLANG_WARN_DEPRECATED_OBJC_IMPLEMENTATIONS = YES;
				CLANG_WARN_DIRECT_OBJC_ISA_USAGE = YES_ERROR;
				CLANG_WARN_DOCUMENTATION_COMMENTS = YES;
				CLANG_WARN_EMPTY_BODY = YES;
				CLANG_WARN_ENUM_CONVERSION = YES;
				CLANG_WARN_INFINITE_RECURSION = YES;
				CLANG_WARN_INT_CONVERSION = YES;
				CLANG_WARN_NON_LITERAL_NULL_CONVERSION = YES;
				CLANG_WARN_OBJC_IMPLICIT_RETAIN_SELF = YES;
				CLANG_WARN_OBJC_LITERAL_CONVERSION = YES;
				CLANG_WARN_OBJC_ROOT_CLASS = YES_ERROR;
				CLANG_WARN_QUOTED_INCLUDE_IN_FRAMEWORK_HEADER = YES;
				CLANG_WARN_RANGE_LOOP_ANALYSIS = YES;
				CLANG_WARN_STRICT_PROTOTYPES = YES;
				CLANG_WARN_SUSPICIOUS_MOVE = YES;
				CLANG_WARN_UNGUARDED_AVAILABILITY = YES_AGGRESSIVE;
				CLANG_WARN_UNREACHABLE_CODE = YES;
				CLANG_WARN__DUPLICATE_METHOD_MATCH = YES;
				COPY_PHASE_STRIP = NO;
				DEBUG_INFORMATION_FORMAT = dwarf;
				ENABLE_STRICT_OBJC_MSGSEND = YES;
				ENABLE_TESTABILITY = YES;
				ENABLE_USER_SCRIPT_SANDBOXING = YES;
				GCC_C_LANGUAGE_STANDARD = gnu17;
				GCC_DYNAMIC_NO_PIC = NO;
				GCC_NO_COMMON_BLOCKS = YES;
				GCC_OPTIMIZATION_LEVEL = 0;
				GCC_PREPROCESSOR_DEFINITIONS = (
					"DEBUG=1",
					"$(inherited)",
				);
				GCC_WARN_64_TO_32_BIT_CONVERSION = YES;
				GCC_WARN_ABOUT_RETURN_TYPE = YES_ERROR;
				GCC_WARN_UNDECLARED_SELECTOR = YES;
				GCC_WARN_UNINITIALIZED_AUTOS = YES_AGGRESSIVE;
				GCC_WARN_UNUSED_FUNCTION = YES;
				GCC_WARN_UNUSED_VARIABLE = YES;
				IPHONEOS_DEPLOYMENT_TARGET = 17.2;
				LOCALIZATION_PREFERS_STRING_CATALOGS = YES;
				MTL_ENABLE_DEBUG_INFO = INCLUDE_SOURCE;
				MTL_FAST_MATH = YES;
				ONLY_ACTIVE_ARCH = YES;
				SDKROOT = iphoneos;
				SWIFT_ACTIVE_COMPILATION_CONDITIONS = "DEBUG $(inherited)";
				SWIFT_OPTIMIZATION_LEVEL = "-Onone";
			};
			name = Debug;
		};
		DF44EBCA2BD8A88F008FB6A6 /* Release */ = {
			isa = XCBuildConfiguration;
			buildSettings = {
				ALWAYS_SEARCH_USER_PATHS = NO;
				ASSETCATALOG_COMPILER_GENERATE_SWIFT_ASSET_SYMBOL_EXTENSIONS = YES;
				CLANG_ANALYZER_NONNULL = YES;
				CLANG_ANALYZER_NUMBER_OBJECT_CONVERSION = YES_AGGRESSIVE;
				CLANG_CXX_LANGUAGE_STANDARD = "gnu++20";
				CLANG_ENABLE_MODULES = YES;
				CLANG_ENABLE_OBJC_ARC = YES;
				CLANG_ENABLE_OBJC_WEAK = YES;
				CLANG_WARN_BLOCK_CAPTURE_AUTORELEASING = YES;
				CLANG_WARN_BOOL_CONVERSION = YES;
				CLANG_WARN_COMMA = YES;
				CLANG_WARN_CONSTANT_CONVERSION = YES;
				CLANG_WARN_DEPRECATED_OBJC_IMPLEMENTATIONS = YES;
				CLANG_WARN_DIRECT_OBJC_ISA_USAGE = YES_ERROR;
				CLANG_WARN_DOCUMENTATION_COMMENTS = YES;
				CLANG_WARN_EMPTY_BODY = YES;
				CLANG_WARN_ENUM_CONVERSION = YES;
				CLANG_WARN_INFINITE_RECURSION = YES;
				CLANG_WARN_INT_CONVERSION = YES;
				CLANG_WARN_NON_LITERAL_NULL_CONVERSION = YES;
				CLANG_WARN_OBJC_IMPLICIT_RETAIN_SELF = YES;
				CLANG_WARN_OBJC_LITERAL_CONVERSION = YES;
				CLANG_WARN_OBJC_ROOT_CLASS = YES_ERROR;
				CLANG_WARN_QUOTED_INCLUDE_IN_FRAMEWORK_HEADER = YES;
				CLANG_WARN_RANGE_LOOP_ANALYSIS = YES;
				CLANG_WARN_STRICT_PROTOTYPES = YES;
				CLANG_WARN_SUSPICIOUS_MOVE = YES;
				CLANG_WARN_UNGUARDED_AVAILABILITY = YES_AGGRESSIVE;
				CLANG_WARN_UNREACHABLE_CODE = YES;
				CLANG_WARN__DUPLICATE_METHOD_MATCH = YES;
				COPY_PHASE_STRIP = NO;
				DEBUG_INFORMATION_FORMAT = "dwarf-with-dsym";
				ENABLE_NS_ASSERTIONS = NO;
				ENABLE_STRICT_OBJC_MSGSEND = YES;
				ENABLE_USER_SCRIPT_SANDBOXING = YES;
				GCC_C_LANGUAGE_STANDARD = gnu17;
				GCC_NO_COMMON_BLOCKS = YES;
				GCC_WARN_64_TO_32_BIT_CONVERSION = YES;
				GCC_WARN_ABOUT_RETURN_TYPE = YES_ERROR;
				GCC_WARN_UNDECLARED_SELECTOR = YES;
				GCC_WARN_UNINITIALIZED_AUTOS = YES_AGGRESSIVE;
				GCC_WARN_UNUSED_FUNCTION = YES;
				GCC_WARN_UNUSED_VARIABLE = YES;
				IPHONEOS_DEPLOYMENT_TARGET = 17.2;
				LOCALIZATION_PREFERS_STRING_CATALOGS = YES;
				MTL_ENABLE_DEBUG_INFO = NO;
				MTL_FAST_MATH = YES;
				SDKROOT = iphoneos;
				SWIFT_COMPILATION_MODE = wholemodule;
				VALIDATE_PRODUCT = YES;
			};
			name = Release;
		};
		DF44EBCC2BD8A88F008FB6A6 /* Debug */ = {
			isa = XCBuildConfiguration;
			buildSettings = {
				ASSETCATALOG_COMPILER_APPICON_NAME = AppIcon;
				ASSETCATALOG_COMPILER_GLOBAL_ACCENT_COLOR_NAME = AccentColor;
				CODE_SIGN_STYLE = Automatic;
				CURRENT_PROJECT_VERSION = 1;
				DEVELOPMENT_ASSET_PATHS = "\"CoreDataProject/Preview Content\"";
				DEVELOPMENT_TEAM = D4ZUMTLAC2;
				ENABLE_PREVIEWS = YES;
				GENERATE_INFOPLIST_FILE = YES;
				INFOPLIST_KEY_UIApplicationSceneManifest_Generation = YES;
				INFOPLIST_KEY_UIApplicationSupportsIndirectInputEvents = YES;
				INFOPLIST_KEY_UILaunchScreen_Generation = YES;
				INFOPLIST_KEY_UISupportedInterfaceOrientations_iPad = "UIInterfaceOrientationPortrait UIInterfaceOrientationPortraitUpsideDown UIInterfaceOrientationLandscapeLeft UIInterfaceOrientationLandscapeRight";
				INFOPLIST_KEY_UISupportedInterfaceOrientations_iPhone = "UIInterfaceOrientationPortrait UIInterfaceOrientationLandscapeLeft UIInterfaceOrientationLandscapeRight";
				LD_RUNPATH_SEARCH_PATHS = (
					"$(inherited)",
					"@executable_path/Frameworks",
				);
				MARKETING_VERSION = 1.0;
				PRODUCT_BUNDLE_IDENTIFIER = com.coletree.CoreDataProject;
				PRODUCT_NAME = "$(TARGET_NAME)";
				SWIFT_EMIT_LOC_STRINGS = YES;
				SWIFT_VERSION = 5.0;
				TARGETED_DEVICE_FAMILY = "1,2";
			};
			name = Debug;
		};
		DF44EBCD2BD8A88F008FB6A6 /* Release */ = {
			isa = XCBuildConfiguration;
			buildSettings = {
				ASSETCATALOG_COMPILER_APPICON_NAME = AppIcon;
				ASSETCATALOG_COMPILER_GLOBAL_ACCENT_COLOR_NAME = AccentColor;
				CODE_SIGN_STYLE = Automatic;
				CURRENT_PROJECT_VERSION = 1;
				DEVELOPMENT_ASSET_PATHS = "\"CoreDataProject/Preview Content\"";
				DEVELOPMENT_TEAM = D4ZUMTLAC2;
				ENABLE_PREVIEWS = YES;
				GENERATE_INFOPLIST_FILE = YES;
				INFOPLIST_KEY_UIApplicationSceneManifest_Generation = YES;
				INFOPLIST_KEY_UIApplicationSupportsIndirectInputEvents = YES;
				INFOPLIST_KEY_UILaunchScreen_Generation = YES;
				INFOPLIST_KEY_UISupportedInterfaceOrientations_iPad = "UIInterfaceOrientationPortrait UIInterfaceOrientationPortraitUpsideDown UIInterfaceOrientationLandscapeLeft UIInterfaceOrientationLandscapeRight";
				INFOPLIST_KEY_UISupportedInterfaceOrientations_iPhone = "UIInterfaceOrientationPortrait UIInterfaceOrientationLandscapeLeft UIInterfaceOrientationLandscapeRight";
				LD_RUNPATH_SEARCH_PATHS = (
					"$(inherited)",
					"@executable_path/Frameworks",
				);
				MARKETING_VERSION = 1.0;
				PRODUCT_BUNDLE_IDENTIFIER = com.coletree.CoreDataProject;
				PRODUCT_NAME = "$(TARGET_NAME)";
				SWIFT_EMIT_LOC_STRINGS = YES;
				SWIFT_VERSION = 5.0;
				TARGETED_DEVICE_FAMILY = "1,2";
			};
			name = Release;
		};
/* End XCBuildConfiguration section */

/* Begin XCConfigurationList section */
		DF44EBB82BD8A88C008FB6A6 /* Build configuration list for PBXProject "CoreDataProject" */ = {
			isa = XCConfigurationList;
			buildConfigurations = (
				DF44EBC92BD8A88F008FB6A6 /* Debug */,
				DF44EBCA2BD8A88F008FB6A6 /* Release */,
			);
			defaultConfigurationIsVisible = 0;
			defaultConfigurationName = Release;
		};
		DF44EBCB2BD8A88F008FB6A6 /* Build configuration list for PBXNativeTarget "CoreDataProject" */ = {
			isa = XCConfigurationList;
			buildConfigurations = (
				DF44EBCC2BD8A88F008FB6A6 /* Debug */,
				DF44EBCD2BD8A88F008FB6A6 /* Release */,
			);
			defaultConfigurationIsVisible = 0;
			defaultConfigurationName = Release;
		};
/* End XCConfigurationList section */

/* Begin XCVersionGroup section */
		DF44EBD02BD8AB11008FB6A6 /* CoreDataProject.xcdatamodeld */ = {
			isa = XCVersionGroup;
			children = (
				DF44EBD12BD8AB11008FB6A6 /* CoreDataProject.xcdatamodel */,
			);
			currentVersion = DF44EBD12BD8AB11008FB6A6 /* CoreDataProject.xcdatamodel */;
			path = CoreDataProject.xcdatamodeld;
			sourceTree = "<group>";
			versionGroupType = wrapper.xcdatamodel;
		};
/* End XCVersionGroup section */
	};
	rootObject = DF44EBB52BD8A88C008FB6A6 /* Project object */;
}
