// !$*UTF8*$!
{
	archiveVersion = 1;
	classes = {
	};
	objectVersion = 56;
	objects = {

/* Begin PBXBuildFile section */
		DF44EBA62BD79E3B008FB6A6 /* UltimatePortfolioApp.swift in Sources */ = {isa = PBXBuildFile; fileRef = DF44EBA52BD79E3B008FB6A6 /* UltimatePortfolioApp.swift */; };
		DF44EBA82BD79E3C008FB6A6 /* ContentView.swift in Sources */ = {isa = PBXBuildFile; fileRef = DF44EBA72BD79E3C008FB6A6 /* ContentView.swift */; };
		DF44EBAA2BD79E3D008FB6A6 /* Assets.xcassets in Resources */ = {isa = PBXBuildFile; fileRef = DF44EBA92BD79E3D008FB6A6 /* Assets.xcassets */; };
		DF44EBAE2BD79E3D008FB6A6 /* Preview Assets.xcassets in Resources */ = {isa = PBXBuildFile; fileRef = DF44EBAD2BD79E3D008FB6A6 /* Preview Assets.xcassets */; };
		DF44EC0F2BDB4EFD008FB6A6 /* Model.xcdatamodeld in Sources */ = {isa = PBXBuildFile; fileRef = DF44EC0D2BDB4EFD008FB6A6 /* Model.xcdatamodeld */; };
		DF44EC142BDB5B2E008FB6A6 /* DataController.swift in Sources */ = {isa = PBXBuildFile; fileRef = DF44EC132BDB5B2E008FB6A6 /* DataController.swift */; };
		DF44EC1C2BDE3024008FB6A6 /* SidebarView.swift in Sources */ = {isa = PBXBuildFile; fileRef = DF44EC1B2BDE3024008FB6A6 /* SidebarView.swift */; };
		DF44EC1E2BDE3032008FB6A6 /* DetailView.swift in Sources */ = {isa = PBXBuildFile; fileRef = DF44EC1D2BDE3032008FB6A6 /* DetailView.swift */; };
		DF44EC202BDE3918008FB6A6 /* Filter.swift in Sources */ = {isa = PBXBuildFile; fileRef = DF44EC1F2BDE3918008FB6A6 /* Filter.swift */; };
		DF44EC2A2BDF5B7B008FB6A6 /* Issue-CoreDataHelpers.swift in Sources */ = {isa = PBXBuildFile; fileRef = DF44EC292BDF5B7B008FB6A6 /* Issue-CoreDataHelpers.swift */; };
		DF44EC2C2BDF5D86008FB6A6 /* Tag-CoreDataHelpers.swift in Sources */ = {isa = PBXBuildFile; fileRef = DF44EC2B2BDF5D86008FB6A6 /* Tag-CoreDataHelpers.swift */; };
		DF44EC362BE08FEA008FB6A6 /* IssueRow.swift in Sources */ = {isa = PBXBuildFile; fileRef = DF44EC352BE08FEA008FB6A6 /* IssueRow.swift */; };
		DF44EC5B2BE115F9008FB6A6 /* NoIssueView.swift in Sources */ = {isa = PBXBuildFile; fileRef = DF44EC5A2BE115F9008FB6A6 /* NoIssueView.swift */; };
		DF44EC5D2BE1177B008FB6A6 /* IssueView.swift in Sources */ = {isa = PBXBuildFile; fileRef = DF44EC5C2BE1177B008FB6A6 /* IssueView.swift */; };
		DF7789962BE8A9EA001415E8 /* Instructions.md in Resources */ = {isa = PBXBuildFile; fileRef = DF7789952BE8A9EA001415E8 /* Instructions.md */; };
		DF7789982BEB22DB001415E8 /* Extension-View.swift in Sources */ = {isa = PBXBuildFile; fileRef = DF7789972BEB22DB001415E8 /* Extension-View.swift */; };
		DF77899B2BEB2DCA001415E8 /* Bundle-Decodable.swift in Sources */ = {isa = PBXBuildFile; fileRef = DF77899A2BEB2DCA001415E8 /* Bundle-Decodable.swift */; };
		DF77899D2BEB57DD001415E8 /* AwardsView.swift in Sources */ = {isa = PBXBuildFile; fileRef = DF77899C2BEB57DD001415E8 /* AwardsView.swift */; };
		DF7789A12BEB5D9F001415E8 /* Award.swift in Sources */ = {isa = PBXBuildFile; fileRef = DF7789A02BEB5D9F001415E8 /* Award.swift */; };
		DFFE7D382BEDBD7C00E8EB42 /* Localizable.strings in Resources */ = {isa = PBXBuildFile; fileRef = DFFE7D3A2BEDBD7C00E8EB42 /* Localizable.strings */; };
		DFFE7D442BEDC37900E8EB42 /* Localizable.stringsdict in Resources */ = {isa = PBXBuildFile; fileRef = DFFE7D422BEDC37900E8EB42 /* Localizable.stringsdict */; };
		DFFE7D472BEDC45900E8EB42 /* Awards.json in Resources */ = {isa = PBXBuildFile; fileRef = DFFE7D492BEDC45900E8EB42 /* Awards.json */; };
		DFFE7D4D2BEDFDA600E8EB42 /* SidebarViewToolbar.swift in Sources */ = {isa = PBXBuildFile; fileRef = DFFE7D4C2BEDFDA600E8EB42 /* SidebarViewToolbar.swift */; };
		DFFE7D4F2BEE03D900E8EB42 /* IssueViewToolbar.swift in Sources */ = {isa = PBXBuildFile; fileRef = DFFE7D4E2BEE03D900E8EB42 /* IssueViewToolbar.swift */; };
		DFFE7D512BEE08BC00E8EB42 /* ContentViewToolbar.swift in Sources */ = {isa = PBXBuildFile; fileRef = DFFE7D502BEE08BC00E8EB42 /* ContentViewToolbar.swift */; };
		DFFE7D532BEE0C0C00E8EB42 /* TagsMenuView.swift in Sources */ = {isa = PBXBuildFile; fileRef = DFFE7D522BEE0C0C00E8EB42 /* TagsMenuView.swift */; };
		DFFE7D552BEE0D8A00E8EB42 /* SmartFilterRow.swift in Sources */ = {isa = PBXBuildFile; fileRef = DFFE7D542BEE0D8A00E8EB42 /* SmartFilterRow.swift */; };
		DFFE7D572BEE0E5B00E8EB42 /* UserFilterRow.swift in Sources */ = {isa = PBXBuildFile; fileRef = DFFE7D562BEE0E5B00E8EB42 /* UserFilterRow.swift */; };
/* End PBXBuildFile section */

/* Begin PBXFileReference section */
		DF44EBA22BD79E3B008FB6A6 /* UltimatePortfolio.app */ = {isa = PBXFileReference; explicitFileType = wrapper.application; includeInIndex = 0; path = UltimatePortfolio.app; sourceTree = BUILT_PRODUCTS_DIR; };
		DF44EBA52BD79E3B008FB6A6 /* UltimatePortfolioApp.swift */ = {isa = PBXFileReference; lastKnownFileType = sourcecode.swift; path = UltimatePortfolioApp.swift; sourceTree = "<group>"; };
		DF44EBA72BD79E3C008FB6A6 /* ContentView.swift */ = {isa = PBXFileReference; lastKnownFileType = sourcecode.swift; path = ContentView.swift; sourceTree = "<group>"; };
		DF44EBA92BD79E3D008FB6A6 /* Assets.xcassets */ = {isa = PBXFileReference; lastKnownFileType = folder.assetcatalog; path = Assets.xcassets; sourceTree = "<group>"; };
		DF44EBAB2BD79E3D008FB6A6 /* UltimatePortfolio.entitlements */ = {isa = PBXFileReference; lastKnownFileType = text.plist.entitlements; path = UltimatePortfolio.entitlements; sourceTree = "<group>"; };
		DF44EBAD2BD79E3D008FB6A6 /* Preview Assets.xcassets */ = {isa = PBXFileReference; lastKnownFileType = folder.assetcatalog; path = "Preview Assets.xcassets"; sourceTree = "<group>"; };
		DF44EC0E2BDB4EFD008FB6A6 /* Model.xcdatamodel */ = {isa = PBXFileReference; lastKnownFileType = wrapper.xcdatamodel; path = Model.xcdatamodel; sourceTree = "<group>"; };
		DF44EC132BDB5B2E008FB6A6 /* DataController.swift */ = {isa = PBXFileReference; lastKnownFileType = sourcecode.swift; path = DataController.swift; sourceTree = "<group>"; };
		DF44EC172BDB7428008FB6A6 /* Info.plist */ = {isa = PBXFileReference; lastKnownFileType = text.plist; path = Info.plist; sourceTree = "<group>"; };
		DF44EC1B2BDE3024008FB6A6 /* SidebarView.swift */ = {isa = PBXFileReference; lastKnownFileType = sourcecode.swift; path = SidebarView.swift; sourceTree = "<group>"; };
		DF44EC1D2BDE3032008FB6A6 /* DetailView.swift */ = {isa = PBXFileReference; lastKnownFileType = sourcecode.swift; path = DetailView.swift; sourceTree = "<group>"; };
		DF44EC1F2BDE3918008FB6A6 /* Filter.swift */ = {isa = PBXFileReference; lastKnownFileType = sourcecode.swift; path = Filter.swift; sourceTree = "<group>"; };
		DF44EC292BDF5B7B008FB6A6 /* Issue-CoreDataHelpers.swift */ = {isa = PBXFileReference; lastKnownFileType = sourcecode.swift; path = "Issue-CoreDataHelpers.swift"; sourceTree = "<group>"; };
		DF44EC2B2BDF5D86008FB6A6 /* Tag-CoreDataHelpers.swift */ = {isa = PBXFileReference; lastKnownFileType = sourcecode.swift; path = "Tag-CoreDataHelpers.swift"; sourceTree = "<group>"; };
		DF44EC352BE08FEA008FB6A6 /* IssueRow.swift */ = {isa = PBXFileReference; lastKnownFileType = sourcecode.swift; path = IssueRow.swift; sourceTree = "<group>"; };
		DF44EC5A2BE115F9008FB6A6 /* NoIssueView.swift */ = {isa = PBXFileReference; lastKnownFileType = sourcecode.swift; path = NoIssueView.swift; sourceTree = "<group>"; };
		DF44EC5C2BE1177B008FB6A6 /* IssueView.swift */ = {isa = PBXFileReference; lastKnownFileType = sourcecode.swift; path = IssueView.swift; sourceTree = "<group>"; };
		DF7789952BE8A9EA001415E8 /* Instructions.md */ = {isa = PBXFileReference; lastKnownFileType = net.daringfireball.markdown; path = Instructions.md; sourceTree = "<group>"; };
		DF7789972BEB22DB001415E8 /* Extension-View.swift */ = {isa = PBXFileReference; lastKnownFileType = sourcecode.swift; path = "Extension-View.swift"; sourceTree = "<group>"; };
		DF77899A2BEB2DCA001415E8 /* Bundle-Decodable.swift */ = {isa = PBXFileReference; lastKnownFileType = sourcecode.swift; path = "Bundle-Decodable.swift"; sourceTree = "<group>"; };
		DF77899C2BEB57DD001415E8 /* AwardsView.swift */ = {isa = PBXFileReference; lastKnownFileType = sourcecode.swift; path = AwardsView.swift; sourceTree = "<group>"; };
		DF7789A02BEB5D9F001415E8 /* Award.swift */ = {isa = PBXFileReference; lastKnownFileType = sourcecode.swift; path = Award.swift; sourceTree = "<group>"; };
		DFFE7D392BEDBD7C00E8EB42 /* en */ = {isa = PBXFileReference; lastKnownFileType = text.plist.strings; name = en; path = Localization/en.lproj/Localizable.strings; sourceTree = "<group>"; };
		DFFE7D3B2BEDBDF300E8EB42 /* zh-Hans */ = {isa = PBXFileReference; lastKnownFileType = text.plist.strings; name = "zh-Hans"; path = "Localization/zh-Hans.lproj/Localizable.strings"; sourceTree = "<group>"; };
		DFFE7D3C2BEDBF2000E8EB42 /* hu */ = {isa = PBXFileReference; lastKnownFileType = text.plist.strings; name = hu; path = Localization/hu.lproj/Localizable.strings; sourceTree = "<group>"; };
		DFFE7D432BEDC37900E8EB42 /* en */ = {isa = PBXFileReference; lastKnownFileType = text.plist.stringsdict; name = en; path = UltimatePortfolio/Localization/en.lproj/Localizable.stringsdict; sourceTree = SOURCE_ROOT; };
		DFFE7D452BEDC38200E8EB42 /* hu */ = {isa = PBXFileReference; lastKnownFileType = text.plist.stringsdict; name = hu; path = UltimatePortfolio/Localization/hu.lproj/Localizable.stringsdict; sourceTree = SOURCE_ROOT; };
		DFFE7D462BEDC38A00E8EB42 /* zh-Hans */ = {isa = PBXFileReference; lastKnownFileType = text.plist.stringsdict; name = "zh-Hans"; path = "UltimatePortfolio/Localization/zh-Hans.lproj/Localizable.stringsdict"; sourceTree = SOURCE_ROOT; };
		DFFE7D482BEDC45900E8EB42 /* en */ = {isa = PBXFileReference; lastKnownFileType = text.json; name = en; path = en.lproj/Awards.json; sourceTree = "<group>"; };
		DFFE7D4A2BEDC46000E8EB42 /* zh-Hans */ = {isa = PBXFileReference; lastKnownFileType = text.json; name = "zh-Hans"; path = "zh-Hans.lproj/Awards.json"; sourceTree = "<group>"; };
		DFFE7D4B2BEDC46000E8EB42 /* hu */ = {isa = PBXFileReference; lastKnownFileType = text.json; name = hu; path = hu.lproj/Awards.json; sourceTree = "<group>"; };
		DFFE7D4C2BEDFDA600E8EB42 /* SidebarViewToolbar.swift */ = {isa = PBXFileReference; lastKnownFileType = sourcecode.swift; path = SidebarViewToolbar.swift; sourceTree = "<group>"; };
		DFFE7D4E2BEE03D900E8EB42 /* IssueViewToolbar.swift */ = {isa = PBXFileReference; lastKnownFileType = sourcecode.swift; path = IssueViewToolbar.swift; sourceTree = "<group>"; };
		DFFE7D502BEE08BC00E8EB42 /* ContentViewToolbar.swift */ = {isa = PBXFileReference; lastKnownFileType = sourcecode.swift; path = ContentViewToolbar.swift; sourceTree = "<group>"; };
		DFFE7D522BEE0C0C00E8EB42 /* TagsMenuView.swift */ = {isa = PBXFileReference; lastKnownFileType = sourcecode.swift; path = TagsMenuView.swift; sourceTree = "<group>"; };
		DFFE7D542BEE0D8A00E8EB42 /* SmartFilterRow.swift */ = {isa = PBXFileReference; lastKnownFileType = sourcecode.swift; path = SmartFilterRow.swift; sourceTree = "<group>"; };
		DFFE7D562BEE0E5B00E8EB42 /* UserFilterRow.swift */ = {isa = PBXFileReference; lastKnownFileType = sourcecode.swift; path = UserFilterRow.swift; sourceTree = "<group>"; };
/* End PBXFileReference section */

/* Begin PBXFrameworksBuildPhase section */
		DF44EB9F2BD79E3B008FB6A6 /* Frameworks */ = {
			isa = PBXFrameworksBuildPhase;
			buildActionMask = 2147483647;
			files = (
			);
			runOnlyForDeploymentPostprocessing = 0;
		};
/* End PBXFrameworksBuildPhase section */

/* Begin PBXGroup section */
		DF44EB992BD79E3B008FB6A6 = {
			isa = PBXGroup;
			children = (
				DF44EBA42BD79E3B008FB6A6 /* UltimatePortfolio */,
				DF44EBA32BD79E3B008FB6A6 /* Products */,
			);
			sourceTree = "<group>";
		};
		DF44EBA32BD79E3B008FB6A6 /* Products */ = {
			isa = PBXGroup;
			children = (
				DF44EBA22BD79E3B008FB6A6 /* UltimatePortfolio.app */,
			);
			name = Products;
			sourceTree = "<group>";
		};
		DF44EBA42BD79E3B008FB6A6 /* UltimatePortfolio */ = {
			isa = PBXGroup;
			children = (
				DF44EC172BDB7428008FB6A6 /* Info.plist */,
				DF44EBA52BD79E3B008FB6A6 /* UltimatePortfolioApp.swift */,
				DF44EC162BDB5BC5008FB6A6 /* Views */,
				DF44EC152BDB5BB4008FB6A6 /* ViewModel */,
				DF44EC102BDB4F05008FB6A6 /* Model */,
				DF7789992BEB2DB2001415E8 /* Extension */,
				DF7789942BE8A995001415E8 /* Resource */,
				DF44EBAB2BD79E3D008FB6A6 /* UltimatePortfolio.entitlements */,
				DF44EBAC2BD79E3D008FB6A6 /* Preview Content */,
			);
			path = UltimatePortfolio;
			sourceTree = "<group>";
		};
		DF44EBAC2BD79E3D008FB6A6 /* Preview Content */ = {
			isa = PBXGroup;
			children = (
				DF44EBAD2BD79E3D008FB6A6 /* Preview Assets.xcassets */,
			);
			path = "Preview Content";
			sourceTree = "<group>";
		};
		DF44EC102BDB4F05008FB6A6 /* Model */ = {
			isa = PBXGroup;
			children = (
				DF44EC1F2BDE3918008FB6A6 /* Filter.swift */,
				DF44EC292BDF5B7B008FB6A6 /* Issue-CoreDataHelpers.swift */,
				DF44EC2B2BDF5D86008FB6A6 /* Tag-CoreDataHelpers.swift */,
				DF7789A02BEB5D9F001415E8 /* Award.swift */,
				DF44EC0D2BDB4EFD008FB6A6 /* Model.xcdatamodeld */,
			);
			path = Model;
			sourceTree = "<group>";
		};
		DF44EC152BDB5BB4008FB6A6 /* ViewModel */ = {
			isa = PBXGroup;
			children = (
				DF44EC132BDB5B2E008FB6A6 /* DataController.swift */,
			);
			path = ViewModel;
			sourceTree = "<group>";
		};
		DF44EC162BDB5BC5008FB6A6 /* Views */ = {
			isa = PBXGroup;
			children = (
				DF44EC1B2BDE3024008FB6A6 /* SidebarView.swift */,
				DFFE7D542BEE0D8A00E8EB42 /* SmartFilterRow.swift */,
				DFFE7D562BEE0E5B00E8EB42 /* UserFilterRow.swift */,
				DFFE7D4C2BEDFDA600E8EB42 /* SidebarViewToolbar.swift */,
				DF44EBA72BD79E3C008FB6A6 /* ContentView.swift */,
				DFFE7D502BEE08BC00E8EB42 /* ContentViewToolbar.swift */,
				DF44EC352BE08FEA008FB6A6 /* IssueRow.swift */,
				DF44EC1D2BDE3032008FB6A6 /* DetailView.swift */,
				DF44EC5C2BE1177B008FB6A6 /* IssueView.swift */,
				DFFE7D522BEE0C0C00E8EB42 /* TagsMenuView.swift */,
				DFFE7D4E2BEE03D900E8EB42 /* IssueViewToolbar.swift */,
				DF44EC5A2BE115F9008FB6A6 /* NoIssueView.swift */,
				DF77899C2BEB57DD001415E8 /* AwardsView.swift */,
			);
			path = Views;
			sourceTree = "<group>";
		};
		DF7789942BE8A995001415E8 /* Resource */ = {
			isa = PBXGroup;
			children = (
				DF7789952BE8A9EA001415E8 /* Instructions.md */,
				DFFE7D492BEDC45900E8EB42 /* Awards.json */,
				DFFE7D3A2BEDBD7C00E8EB42 /* Localizable.strings */,
				DFFE7D422BEDC37900E8EB42 /* Localizable.stringsdict */,
				DF44EBA92BD79E3D008FB6A6 /* Assets.xcassets */,
			);
			path = Resource;
			sourceTree = "<group>";
		};
		DF7789992BEB2DB2001415E8 /* Extension */ = {
			isa = PBXGroup;
			children = (
				DF7789972BEB22DB001415E8 /* Extension-View.swift */,
				DF77899A2BEB2DCA001415E8 /* Bundle-Decodable.swift */,
			);
			path = Extension;
			sourceTree = "<group>";
		};
/* End PBXGroup section */

/* Begin PBXNativeTarget section */
		DF44EBA12BD79E3B008FB6A6 /* UltimatePortfolio */ = {
			isa = PBXNativeTarget;
			buildConfigurationList = DF44EBB12BD79E3D008FB6A6 /* Build configuration list for PBXNativeTarget "UltimatePortfolio" */;
			buildPhases = (
				DF44EB9E2BD79E3B008FB6A6 /* Sources */,
				DF44EB9F2BD79E3B008FB6A6 /* Frameworks */,
				DF44EBA02BD79E3B008FB6A6 /* Resources */,
				DF6C262A2BEF05230065BFE3 /* SwiftLint */,
			);
			buildRules = (
			);
			dependencies = (
			);
			name = UltimatePortfolio;
			productName = UltimatePortfolio;
			productReference = DF44EBA22BD79E3B008FB6A6 /* UltimatePortfolio.app */;
			productType = "com.apple.product-type.application";
		};
/* End PBXNativeTarget section */

/* Begin PBXProject section */
		DF44EB9A2BD79E3B008FB6A6 /* Project object */ = {
			isa = PBXProject;
			attributes = {
				BuildIndependentTargetsInParallel = 1;
				LastSwiftUpdateCheck = 1520;
				LastUpgradeCheck = 1520;
				TargetAttributes = {
					DF44EBA12BD79E3B008FB6A6 = {
						CreatedOnToolsVersion = 15.2;
					};
				};
			};
			buildConfigurationList = DF44EB9D2BD79E3B008FB6A6 /* Build configuration list for PBXProject "UltimatePortfolio" */;
			compatibilityVersion = "Xcode 14.0";
			developmentRegion = en;
			hasScannedForEncodings = 0;
			knownRegions = (
				en,
				Base,
				"zh-Hans",
				hu,
			);
			mainGroup = DF44EB992BD79E3B008FB6A6;
			productRefGroup = DF44EBA32BD79E3B008FB6A6 /* Products */;
			projectDirPath = "";
			projectRoot = "";
			targets = (
				DF44EBA12BD79E3B008FB6A6 /* UltimatePortfolio */,
			);
		};
/* End PBXProject section */

/* Begin PBXResourcesBuildPhase section */
		DF44EBA02BD79E3B008FB6A6 /* Resources */ = {
			isa = PBXResourcesBuildPhase;
			buildActionMask = 2147483647;
			files = (
				DFFE7D382BEDBD7C00E8EB42 /* Localizable.strings in Resources */,
				DF44EBAE2BD79E3D008FB6A6 /* Preview Assets.xcassets in Resources */,
				DFFE7D472BEDC45900E8EB42 /* Awards.json in Resources */,
				DF44EBAA2BD79E3D008FB6A6 /* Assets.xcassets in Resources */,
				DF7789962BE8A9EA001415E8 /* Instructions.md in Resources */,
				DFFE7D442BEDC37900E8EB42 /* Localizable.stringsdict in Resources */,
			);
			runOnlyForDeploymentPostprocessing = 0;
		};
/* End PBXResourcesBuildPhase section */

/* Begin PBXShellScriptBuildPhase section */
		DF6C262A2BEF05230065BFE3 /* SwiftLint */ = {
			isa = PBXShellScriptBuildPhase;
			alwaysOutOfDate = 1;
			buildActionMask = 2147483647;
			files = (
			);
			inputFileListPaths = (
			);
			inputPaths = (
			);
			name = SwiftLint;
			outputFileListPaths = (
			);
			outputPaths = (
			);
			runOnlyForDeploymentPostprocessing = 0;
			shellPath = /bin/sh;
			shellScript = "# Type a script or drag a script file from your workspace to insert its path.\nif [[ \"$(uname -m)\" == arm64 ]]; then\n    export PATH=\"/opt/homebrew/bin:$PATH\"\nfi\n\nif which swiftlint > /dev/null; then\n  swiftlint\nelse\n  echo \"warning: SwiftLint not installed, download from https://github.com/realm/SwiftLint\"\nfi\n";
		};
/* End PBXShellScriptBuildPhase section */

/* Begin PBXSourcesBuildPhase section */
		DF44EB9E2BD79E3B008FB6A6 /* Sources */ = {
			isa = PBXSourcesBuildPhase;
			buildActionMask = 2147483647;
			files = (
				DFFE7D532BEE0C0C00E8EB42 /* TagsMenuView.swift in Sources */,
				DFFE7D4F2BEE03D900E8EB42 /* IssueViewToolbar.swift in Sources */,
				DFFE7D512BEE08BC00E8EB42 /* ContentViewToolbar.swift in Sources */,
				DF44EC202BDE3918008FB6A6 /* Filter.swift in Sources */,
				DF44EC2C2BDF5D86008FB6A6 /* Tag-CoreDataHelpers.swift in Sources */,
				DF77899D2BEB57DD001415E8 /* AwardsView.swift in Sources */,
				DF7789982BEB22DB001415E8 /* Extension-View.swift in Sources */,
				DF44EC5B2BE115F9008FB6A6 /* NoIssueView.swift in Sources */,
				DF7789A12BEB5D9F001415E8 /* Award.swift in Sources */,
				DF44EBA82BD79E3C008FB6A6 /* ContentView.swift in Sources */,
				DF77899B2BEB2DCA001415E8 /* Bundle-Decodable.swift in Sources */,
				DFFE7D552BEE0D8A00E8EB42 /* SmartFilterRow.swift in Sources */,
				DF44EC2A2BDF5B7B008FB6A6 /* Issue-CoreDataHelpers.swift in Sources */,
				DF44EC1E2BDE3032008FB6A6 /* DetailView.swift in Sources */,
				DF44EC142BDB5B2E008FB6A6 /* DataController.swift in Sources */,
				DF44EC1C2BDE3024008FB6A6 /* SidebarView.swift in Sources */,
				DF44EBA62BD79E3B008FB6A6 /* UltimatePortfolioApp.swift in Sources */,
				DFFE7D572BEE0E5B00E8EB42 /* UserFilterRow.swift in Sources */,
				DF44EC362BE08FEA008FB6A6 /* IssueRow.swift in Sources */,
				DF44EC5D2BE1177B008FB6A6 /* IssueView.swift in Sources */,
				DF44EC0F2BDB4EFD008FB6A6 /* Model.xcdatamodeld in Sources */,
				DFFE7D4D2BEDFDA600E8EB42 /* SidebarViewToolbar.swift in Sources */,
			);
			runOnlyForDeploymentPostprocessing = 0;
		};
/* End PBXSourcesBuildPhase section */

/* Begin PBXVariantGroup section */
		DFFE7D3A2BEDBD7C00E8EB42 /* Localizable.strings */ = {
			isa = PBXVariantGroup;
			children = (
				DFFE7D392BEDBD7C00E8EB42 /* en */,
				DFFE7D3B2BEDBDF300E8EB42 /* zh-Hans */,
				DFFE7D3C2BEDBF2000E8EB42 /* hu */,
			);
			name = Localizable.strings;
			path = UltimatePortfolio;
			sourceTree = SOURCE_ROOT;
		};
		DFFE7D422BEDC37900E8EB42 /* Localizable.stringsdict */ = {
			isa = PBXVariantGroup;
			children = (
				DFFE7D432BEDC37900E8EB42 /* en */,
				DFFE7D452BEDC38200E8EB42 /* hu */,
				DFFE7D462BEDC38A00E8EB42 /* zh-Hans */,
			);
			name = Localizable.stringsdict;
			sourceTree = "<group>";
		};
		DFFE7D492BEDC45900E8EB42 /* Awards.json */ = {
			isa = PBXVariantGroup;
			children = (
				DFFE7D482BEDC45900E8EB42 /* en */,
				DFFE7D4A2BEDC46000E8EB42 /* zh-Hans */,
				DFFE7D4B2BEDC46000E8EB42 /* hu */,
			);
			name = Awards.json;
			sourceTree = "<group>";
		};
/* End PBXVariantGroup section */

/* Begin XCBuildConfiguration section */
		DF44EBAF2BD79E3D008FB6A6 /* Debug */ = {
			isa = XCBuildConfiguration;
			buildSettings = {
				ALWAYS_SEARCH_USER_PATHS = NO;
				ASSETCATALOG_COMPILER_GENERATE_SWIFT_ASSET_SYMBOL_EXTENSIONS = YES;
				CLANG_ANALYZER_NONNULL = YES;
				CLANG_ANALYZER_NUMBER_OBJECT_CONVERSION = YES_AGGRESSIVE;
				CLANG_CXX_LANGUAGE_STANDARD = "gnu++20";
				CLANG_ENABLE_MODULES = YES;
				CLANG_ENABLE_OBJC_ARC = YES;
				CLANG_ENABLE_OBJC_WEAK = YES;
				CLANG_WARN_BLOCK_CAPTURE_AUTORELEASING = YES;
				CLANG_WARN_BOOL_CONVERSION = YES;
				CLANG_WARN_COMMA = YES;
				CLANG_WARN_CONSTANT_CONVERSION = YES;
				CLANG_WARN_DEPRECATED_OBJC_IMPLEMENTATIONS = YES;
				CLANG_WARN_DIRECT_OBJC_ISA_USAGE = YES_ERROR;
				CLANG_WARN_DOCUMENTATION_COMMENTS = YES;
				CLANG_WARN_EMPTY_BODY = YES;
				CLANG_WARN_ENUM_CONVERSION = YES;
				CLANG_WARN_INFINITE_RECURSION = YES;
				CLANG_WARN_INT_CONVERSION = YES;
				CLANG_WARN_NON_LITERAL_NULL_CONVERSION = YES;
				CLANG_WARN_OBJC_IMPLICIT_RETAIN_SELF = YES;
				CLANG_WARN_OBJC_LITERAL_CONVERSION = YES;
				CLANG_WARN_OBJC_ROOT_CLASS = YES_ERROR;
				CLANG_WARN_QUOTED_INCLUDE_IN_FRAMEWORK_HEADER = YES;
				CLANG_WARN_RANGE_LOOP_ANALYSIS = YES;
				CLANG_WARN_STRICT_PROTOTYPES = YES;
				CLANG_WARN_SUSPICIOUS_MOVE = YES;
				CLANG_WARN_UNGUARDED_AVAILABILITY = YES_AGGRESSIVE;
				CLANG_WARN_UNREACHABLE_CODE = YES;
				CLANG_WARN__DUPLICATE_METHOD_MATCH = YES;
				COPY_PHASE_STRIP = NO;
				DEBUG_INFORMATION_FORMAT = dwarf;
				ENABLE_STRICT_OBJC_MSGSEND = YES;
				ENABLE_TESTABILITY = YES;
				ENABLE_USER_SCRIPT_SANDBOXING = YES;
				GCC_C_LANGUAGE_STANDARD = gnu17;
				GCC_DYNAMIC_NO_PIC = NO;
				GCC_NO_COMMON_BLOCKS = YES;
				GCC_OPTIMIZATION_LEVEL = 0;
				GCC_PREPROCESSOR_DEFINITIONS = (
					"DEBUG=1",
					"$(inherited)",
				);
				GCC_WARN_64_TO_32_BIT_CONVERSION = YES;
				GCC_WARN_ABOUT_RETURN_TYPE = YES_ERROR;
				GCC_WARN_UNDECLARED_SELECTOR = YES;
				GCC_WARN_UNINITIALIZED_AUTOS = YES_AGGRESSIVE;
				GCC_WARN_UNUSED_FUNCTION = YES;
				GCC_WARN_UNUSED_VARIABLE = YES;
				LOCALIZATION_PREFERS_STRING_CATALOGS = YES;
				MTL_ENABLE_DEBUG_INFO = INCLUDE_SOURCE;
				MTL_FAST_MATH = YES;
				ONLY_ACTIVE_ARCH = YES;
				SWIFT_ACTIVE_COMPILATION_CONDITIONS = "DEBUG $(inherited)";
				SWIFT_OPTIMIZATION_LEVEL = "-Onone";
			};
			name = Debug;
		};
		DF44EBB02BD79E3D008FB6A6 /* Release */ = {
			isa = XCBuildConfiguration;
			buildSettings = {
				ALWAYS_SEARCH_USER_PATHS = NO;
				ASSETCATALOG_COMPILER_GENERATE_SWIFT_ASSET_SYMBOL_EXTENSIONS = YES;
				CLANG_ANALYZER_NONNULL = YES;
				CLANG_ANALYZER_NUMBER_OBJECT_CONVERSION = YES_AGGRESSIVE;
				CLANG_CXX_LANGUAGE_STANDARD = "gnu++20";
				CLANG_ENABLE_MODULES = YES;
				CLANG_ENABLE_OBJC_ARC = YES;
				CLANG_ENABLE_OBJC_WEAK = YES;
				CLANG_WARN_BLOCK_CAPTURE_AUTORELEASING = YES;
				CLANG_WARN_BOOL_CONVERSION = YES;
				CLANG_WARN_COMMA = YES;
				CLANG_WARN_CONSTANT_CONVERSION = YES;
				CLANG_WARN_DEPRECATED_OBJC_IMPLEMENTATIONS = YES;
				CLANG_WARN_DIRECT_OBJC_ISA_USAGE = YES_ERROR;
				CLANG_WARN_DOCUMENTATION_COMMENTS = YES;
				CLANG_WARN_EMPTY_BODY = YES;
				CLANG_WARN_ENUM_CONVERSION = YES;
				CLANG_WARN_INFINITE_RECURSION = YES;
				CLANG_WARN_INT_CONVERSION = YES;
				CLANG_WARN_NON_LITERAL_NULL_CONVERSION = YES;
				CLANG_WARN_OBJC_IMPLICIT_RETAIN_SELF = YES;
				CLANG_WARN_OBJC_LITERAL_CONVERSION = YES;
				CLANG_WARN_OBJC_ROOT_CLASS = YES_ERROR;
				CLANG_WARN_QUOTED_INCLUDE_IN_FRAMEWORK_HEADER = YES;
				CLANG_WARN_RANGE_LOOP_ANALYSIS = YES;
				CLANG_WARN_STRICT_PROTOTYPES = YES;
				CLANG_WARN_SUSPICIOUS_MOVE = YES;
				CLANG_WARN_UNGUARDED_AVAILABILITY = YES_AGGRESSIVE;
				CLANG_WARN_UNREACHABLE_CODE = YES;
				CLANG_WARN__DUPLICATE_METHOD_MATCH = YES;
				COPY_PHASE_STRIP = NO;
				DEBUG_INFORMATION_FORMAT = "dwarf-with-dsym";
				ENABLE_NS_ASSERTIONS = NO;
				ENABLE_STRICT_OBJC_MSGSEND = YES;
				ENABLE_USER_SCRIPT_SANDBOXING = YES;
				GCC_C_LANGUAGE_STANDARD = gnu17;
				GCC_NO_COMMON_BLOCKS = YES;
				GCC_WARN_64_TO_32_BIT_CONVERSION = YES;
				GCC_WARN_ABOUT_RETURN_TYPE = YES_ERROR;
				GCC_WARN_UNDECLARED_SELECTOR = YES;
				GCC_WARN_UNINITIALIZED_AUTOS = YES_AGGRESSIVE;
				GCC_WARN_UNUSED_FUNCTION = YES;
				GCC_WARN_UNUSED_VARIABLE = YES;
				LOCALIZATION_PREFERS_STRING_CATALOGS = YES;
				MTL_ENABLE_DEBUG_INFO = NO;
				MTL_FAST_MATH = YES;
				SWIFT_COMPILATION_MODE = wholemodule;
			};
			name = Release;
		};
		DF44EBB22BD79E3D008FB6A6 /* Debug */ = {
			isa = XCBuildConfiguration;
			buildSettings = {
				ASSETCATALOG_COMPILER_APPICON_NAME = AppIcon;
				ASSETCATALOG_COMPILER_GLOBAL_ACCENT_COLOR_NAME = AccentColor;
				CODE_SIGN_ENTITLEMENTS = UltimatePortfolio/UltimatePortfolio.entitlements;
				CODE_SIGN_STYLE = Automatic;
				CURRENT_PROJECT_VERSION = 1;
				DEVELOPMENT_ASSET_PATHS = "\"UltimatePortfolio/Preview Content\"";
				DEVELOPMENT_TEAM = D4ZUMTLAC2;
				ENABLE_HARDENED_RUNTIME = YES;
				ENABLE_PREVIEWS = YES;
				ENABLE_USER_SCRIPT_SANDBOXING = NO;
				GENERATE_INFOPLIST_FILE = YES;
				INFOPLIST_FILE = UltimatePortfolio/Info.plist;
				"INFOPLIST_KEY_UIApplicationSceneManifest_Generation[sdk=iphoneos*]" = YES;
				"INFOPLIST_KEY_UIApplicationSceneManifest_Generation[sdk=iphonesimulator*]" = YES;
				"INFOPLIST_KEY_UIApplicationSupportsIndirectInputEvents[sdk=iphoneos*]" = YES;
				"INFOPLIST_KEY_UIApplicationSupportsIndirectInputEvents[sdk=iphonesimulator*]" = YES;
				"INFOPLIST_KEY_UILaunchScreen_Generation[sdk=iphoneos*]" = YES;
				"INFOPLIST_KEY_UILaunchScreen_Generation[sdk=iphonesimulator*]" = YES;
				"INFOPLIST_KEY_UIStatusBarStyle[sdk=iphoneos*]" = UIStatusBarStyleDefault;
				"INFOPLIST_KEY_UIStatusBarStyle[sdk=iphonesimulator*]" = UIStatusBarStyleDefault;
				INFOPLIST_KEY_UISupportedInterfaceOrientations = "UIInterfaceOrientationLandscapeLeft UIInterfaceOrientationLandscapeRight UIInterfaceOrientationPortrait";
				INFOPLIST_KEY_UISupportedInterfaceOrientations_iPad = "UIInterfaceOrientationLandscapeLeft UIInterfaceOrientationLandscapeRight UIInterfaceOrientationPortrait UIInterfaceOrientationPortraitUpsideDown";
				IPHONEOS_DEPLOYMENT_TARGET = 17.2;
				LD_RUNPATH_SEARCH_PATHS = "@executable_path/Frameworks";
				"LD_RUNPATH_SEARCH_PATHS[sdk=macosx*]" = "@executable_path/../Frameworks";
				MACOSX_DEPLOYMENT_TARGET = 14.2;
				MARKETING_VERSION = 1.0;
				PRODUCT_BUNDLE_IDENTIFIER = com.coletree.UltimatePortfolio;
				PRODUCT_NAME = "$(TARGET_NAME)";
				SDKROOT = auto;
				SUPPORTED_PLATFORMS = "iphoneos iphonesimulator macosx";
				SWIFT_EMIT_LOC_STRINGS = YES;
				SWIFT_VERSION = 5.0;
				TARGETED_DEVICE_FAMILY = "1,2";
			};
			name = Debug;
		};
		DF44EBB32BD79E3D008FB6A6 /* Release */ = {
			isa = XCBuildConfiguration;
			buildSettings = {
				ASSETCATALOG_COMPILER_APPICON_NAME = AppIcon;
				ASSETCATALOG_COMPILER_GLOBAL_ACCENT_COLOR_NAME = AccentColor;
				CODE_SIGN_ENTITLEMENTS = UltimatePortfolio/UltimatePortfolio.entitlements;
				CODE_SIGN_STYLE = Automatic;
				CURRENT_PROJECT_VERSION = 1;
				DEVELOPMENT_ASSET_PATHS = "\"UltimatePortfolio/Preview Content\"";
				DEVELOPMENT_TEAM = D4ZUMTLAC2;
				ENABLE_HARDENED_RUNTIME = YES;
				ENABLE_PREVIEWS = YES;
				ENABLE_USER_SCRIPT_SANDBOXING = NO;
				GENERATE_INFOPLIST_FILE = YES;
				INFOPLIST_FILE = UltimatePortfolio/Info.plist;
				"INFOPLIST_KEY_UIApplicationSceneManifest_Generation[sdk=iphoneos*]" = YES;
				"INFOPLIST_KEY_UIApplicationSceneManifest_Generation[sdk=iphonesimulator*]" = YES;
				"INFOPLIST_KEY_UIApplicationSupportsIndirectInputEvents[sdk=iphoneos*]" = YES;
				"INFOPLIST_KEY_UIApplicationSupportsIndirectInputEvents[sdk=iphonesimulator*]" = YES;
				"INFOPLIST_KEY_UILaunchScreen_Generation[sdk=iphoneos*]" = YES;
				"INFOPLIST_KEY_UILaunchScreen_Generation[sdk=iphonesimulator*]" = YES;
				"INFOPLIST_KEY_UIStatusBarStyle[sdk=iphoneos*]" = UIStatusBarStyleDefault;
				"INFOPLIST_KEY_UIStatusBarStyle[sdk=iphonesimulator*]" = UIStatusBarStyleDefault;
				INFOPLIST_KEY_UISupportedInterfaceOrientations = "UIInterfaceOrientationLandscapeLeft UIInterfaceOrientationLandscapeRight UIInterfaceOrientationPortrait";
				INFOPLIST_KEY_UISupportedInterfaceOrientations_iPad = "UIInterfaceOrientationLandscapeLeft UIInterfaceOrientationLandscapeRight UIInterfaceOrientationPortrait UIInterfaceOrientationPortraitUpsideDown";
				IPHONEOS_DEPLOYMENT_TARGET = 17.2;
				LD_RUNPATH_SEARCH_PATHS = "@executable_path/Frameworks";
				"LD_RUNPATH_SEARCH_PATHS[sdk=macosx*]" = "@executable_path/../Frameworks";
				MACOSX_DEPLOYMENT_TARGET = 14.2;
				MARKETING_VERSION = 1.0;
				PRODUCT_BUNDLE_IDENTIFIER = com.coletree.UltimatePortfolio;
				PRODUCT_NAME = "$(TARGET_NAME)";
				SDKROOT = auto;
				SUPPORTED_PLATFORMS = "iphoneos iphonesimulator macosx";
				SWIFT_EMIT_LOC_STRINGS = YES;
				SWIFT_VERSION = 5.0;
				TARGETED_DEVICE_FAMILY = "1,2";
			};
			name = Release;
		};
/* End XCBuildConfiguration section */

/* Begin XCConfigurationList section */
		DF44EB9D2BD79E3B008FB6A6 /* Build configuration list for PBXProject "UltimatePortfolio" */ = {
			isa = XCConfigurationList;
			buildConfigurations = (
				DF44EBAF2BD79E3D008FB6A6 /* Debug */,
				DF44EBB02BD79E3D008FB6A6 /* Release */,
			);
			defaultConfigurationIsVisible = 0;
			defaultConfigurationName = Release;
		};
		DF44EBB12BD79E3D008FB6A6 /* Build configuration list for PBXNativeTarget "UltimatePortfolio" */ = {
			isa = XCConfigurationList;
			buildConfigurations = (
				DF44EBB22BD79E3D008FB6A6 /* Debug */,
				DF44EBB32BD79E3D008FB6A6 /* Release */,
			);
			defaultConfigurationIsVisible = 0;
			defaultConfigurationName = Release;
		};
/* End XCConfigurationList section */

/* Begin XCVersionGroup section */
		DF44EC0D2BDB4EFD008FB6A6 /* Model.xcdatamodeld */ = {
			isa = XCVersionGroup;
			children = (
				DF44EC0E2BDB4EFD008FB6A6 /* Model.xcdatamodel */,
			);
			currentVersion = DF44EC0E2BDB4EFD008FB6A6 /* Model.xcdatamodel */;
			path = Model.xcdatamodeld;
			sourceTree = "<group>";
			versionGroupType = wrapper.xcdatamodel;
		};
/* End XCVersionGroup section */
	};
	rootObject = DF44EB9A2BD79E3B008FB6A6 /* Project object */;
}
